// !$*UTF8*$!
{
	archiveVersion = 1;
	classes = {
	};
	objectVersion = 77;
	objects = {

/* Begin PBXBuildFile section */
		816FF4CA2F37D3A10095D9DC /* GRDB in Frameworks */ = {isa = PBXBuildFile; productRef = 816FF4C92F37D3A10095D9DC /* GRDB */; };
/* End PBXBuildFile section */

/* Begin PBXContainerItemProxy section */
		816FF4972F37CD1B0095D9DC /* PBXContainerItemProxy */ = {
			isa = PBXContainerItemProxy;
			containerPortal = 816FF4812F37CD190095D9DC /* Project object */;
			proxyType = 1;
			remoteGlobalIDString = 816FF4882F37CD190095D9DC;
			remoteInfo = MotionRecorder;
		};
		816FF4A12F37CD1B0095D9DC /* PBXContainerItemProxy */ = {
			isa = PBXContainerItemProxy;
			containerPortal = 816FF4812F37CD190095D9DC /* Project object */;
			proxyType = 1;
			remoteGlobalIDString = 816FF4882F37CD190095D9DC;
			remoteInfo = MotionRecorder;
		};
/* End PBXContainerItemProxy section */

/* Begin PBXFileReference section */
		816FF4892F37CD190095D9DC /* MotionRecorder.app */ = {isa = PBXFileReference; explicitFileType = wrapper.application; includeInIndex = 0; path = MotionRecorder.app; sourceTree = BUILT_PRODUCTS_DIR; };
		816FF4962F37CD1B0095D9DC /* MotionRecorderTests.xctest */ = {isa = PBXFileReference; explicitFileType = wrapper.cfbundle; includeInIndex = 0; path = MotionRecorderTests.xctest; sourceTree = BUILT_PRODUCTS_DIR; };
		816FF4A02F37CD1B0095D9DC /* MotionRecorderUITests.xctest */ = {isa = PBXFileReference; explicitFileType = wrapper.cfbundle; includeInIndex = 0; path = MotionRecorderUITests.xctest; sourceTree = BUILT_PRODUCTS_DIR; };
/* End PBXFileReference section */

/* Begin PBXFileSystemSynchronizedRootGroup section */
		816FF48B2F37CD190095D9DC /* MotionRecorder */ = {
			isa = PBXFileSystemSynchronizedRootGroup;
			path = MotionRecorder;
			sourceTree = "<group>";
		};
		816FF4992F37CD1B0095D9DC /* MotionRecorderTests */ = {
			isa = PBXFileSystemSynchronizedRootGroup;
			path = MotionRecorderTests;
			sourceTree = "<group>";
		};
		816FF4A32F37CD1B0095D9DC /* MotionRecorderUITests */ = {
			isa = PBXFileSystemSynchronizedRootGroup;
			path = MotionRecorderUITests;
			sourceTree = "<group>";
		};
/* End PBXFileSystemSynchronizedRootGroup section */

/* Begin PBXFrameworksBuildPhase section */
		816FF4862F37CD190095D9DC /* Frameworks */ = {
			isa = PBXFrameworksBuildPhase;
			buildActionMask = 2147483647;
			files = (
				816FF4CA2F37D3A10095D9DC /* GRDB in Frameworks */,
			);
			runOnlyForDeploymentPostprocessing = 0;
		};
		816FF4932F37CD1B0095D9DC /* Frameworks */ = {
			isa = PBXFrameworksBuildPhase;
			buildActionMask = 2147483647;
			files = (
			);
			runOnlyForDeploymentPostprocessing = 0;
		};
		816FF49D2F37CD1B0095D9DC /* Frameworks */ = {
			isa = PBXFrameworksBuildPhase;
			buildActionMask = 2147483647;
			files = (
			);
			runOnlyForDeploymentPostprocessing = 0;
		};
/* End PBXFrameworksBuildPhase section */

/* Begin PBXGroup section */
		816FF4802F37CD190095D9DC = {
			isa = PBXGroup;
			children = (
				816FF48B2F37CD190095D9DC /* MotionRecorder */,
				816FF4992F37CD1B0095D9DC /* MotionRecorderTests */,
				816FF4A32F37CD1B0095D9DC /* MotionRecorderUITests */,
				816FF48A2F37CD190095D9DC /* Products */,
			);
			sourceTree = "<group>";
		};
		816FF48A2F37CD190095D9DC /* Products */ = {
			isa = PBXGroup;
			children = (
				816FF4892F37CD190095D9DC /* MotionRecorder.app */,
				816FF4962F37CD1B0095D9DC /* MotionRecorderTests.xctest */,
				816FF4A02F37CD1B0095D9DC /* MotionRecorderUITests.xctest */,
			);
			name = Products;
			sourceTree = "<group>";
		};
/* End PBXGroup section */

/* Begin PBXNativeTarget section */
		816FF4882F37CD190095D9DC /* MotionRecorder */ = {
			isa = PBXNativeTarget;
			buildConfigurationList = 816FF4AA2F37CD1B0095D9DC /* Build configuration list for PBXNativeTarget "MotionRecorder" */;
			buildPhases = (
				816FF4852F37CD190095D9DC /* Sources */,
				816FF4862F37CD190095D9DC /* Frameworks */,
				816FF4872F37CD190095D9DC /* Resources */,
			);
			buildRules = (
			);
			dependencies = (
			);
			fileSystemSynchronizedGroups = (
				816FF48B2F37CD190095D9DC /* MotionRecorder */,
			);
			name = MotionRecorder;
			packageProductDependencies = (
				816FF4C92F37D3A10095D9DC /* GRDB */,
			);
			productName = MotionRecorder;
			productReference = 816FF4892F37CD190095D9DC /* MotionRecorder.app */;
			productType = "com.apple.product-type.application";
		};
		816FF4952F37CD1B0095D9DC /* MotionRecorderTests */ = {
			isa = PBXNativeTarget;
			buildConfigurationList = 816FF4AD2F37CD1B0095D9DC /* Build configuration list for PBXNativeTarget "MotionRecorderTests" */;
			buildPhases = (
				816FF4922F37CD1B0095D9DC /* Sources */,
				816FF4932F37CD1B0095D9DC /* Frameworks */,
				816FF4942F37CD1B0095D9DC /* Resources */,
			);
			buildRules = (
			);
			dependencies = (
				816FF4982F37CD1B0095D9DC /* PBXTargetDependency */,
			);
			fileSystemSynchronizedGroups = (
				816FF4992F37CD1B0095D9DC /* MotionRecorderTests */,
			);
			name = MotionRecorderTests;
			packageProductDependencies = (
			);
			productName = MotionRecorderTests;
			productReference = 816FF4962F37CD1B0095D9DC /* MotionRecorderTests.xctest */;
			productType = "com.apple.product-type.bundle.unit-test";
		};
		816FF49F2F37CD1B0095D9DC /* MotionRecorderUITests */ = {
			isa = PBXNativeTarget;
			buildConfigurationList = 816FF4B02F37CD1B0095D9DC /* Build configuration list for PBXNativeTarget "MotionRecorderUITests" */;
			buildPhases = (
				816FF49C2F37CD1B0095D9DC /* Sources */,
				816FF49D2F37CD1B0095D9DC /* Frameworks */,
				816FF49E2F37CD1B0095D9DC /* Resources */,
			);
			buildRules = (
			);
			dependencies = (
				816FF4A22F37CD1B0095D9DC /* PBXTargetDependency */,
			);
			fileSystemSynchronizedGroups = (
				816FF4A32F37CD1B0095D9DC /* MotionRecorderUITests */,
			);
			name = MotionRecorderUITests;
			packageProductDependencies = (
			);
			productName = MotionRecorderUITests;
			productReference = 816FF4A02F37CD1B0095D9DC /* MotionRecorderUITests.xctest */;
			productType = "com.apple.product-type.bundle.ui-testing";
		};
/* End PBXNativeTarget section */

/* Begin PBXProject section */
		816FF4812F37CD190095D9DC /* Project object */ = {
			isa = PBXProject;
			attributes = {
				BuildIndependentTargetsInParallel = 1;
				LastSwiftUpdateCheck = 2600;
				LastUpgradeCheck = 2600;
				TargetAttributes = {
					816FF4882F37CD190095D9DC = {
						CreatedOnToolsVersion = 26.0.1;
					};
					816FF4952F37CD1B0095D9DC = {
						CreatedOnToolsVersion = 26.0.1;
						TestTargetID = 816FF4882F37CD190095D9DC;
					};
					816FF49F2F37CD1B0095D9DC = {
						CreatedOnToolsVersion = 26.0.1;
						TestTargetID = 816FF4882F37CD190095D9DC;
					};
				};
			};
			buildConfigurationList = 816FF4842F37CD190095D9DC /* Build configuration list for PBXProject "MotionRecorder" */;
			developmentRegion = en;
			hasScannedForEncodings = 0;
			knownRegions = (
				en,
				Base,
			);
			mainGroup = 816FF4802F37CD190095D9DC;
			minimizedProjectReferenceProxies = 1;
			packageReferences = (
				816FF4C82F37D3A10095D9DC /* XCRemoteSwiftPackageReference "GRDB" */,
			);
			preferredProjectObjectVersion = 77;
			productRefGroup = 816FF48A2F37CD190095D9DC /* Products */;
			projectDirPath = "";
			projectRoot = "";
			targets = (
				816FF4882F37CD190095D9DC /* MotionRecorder */,
				816FF4952F37CD1B0095D9DC /* MotionRecorderTests */,
				816FF49F2F37CD1B0095D9DC /* MotionRecorderUITests */,
			);
		};
/* End PBXProject section */

/* Begin PBXResourcesBuildPhase section */
		816FF4872F37CD190095D9DC /* Resources */ = {
			isa = PBXResourcesBuildPhase;
			buildActionMask = 2147483647;
			files = (
			);
			runOnlyForDeploymentPostprocessing = 0;
		};
		816FF4942F37CD1B0095D9DC /* Resources */ = {
			isa = PBXResourcesBuildPhase;
			buildActionMask = 2147483647;
			files = (
			);
			runOnlyForDeploymentPostprocessing = 0;
		};
		816FF49E2F37CD1B0095D9DC /* Resources */ = {
			isa = PBXResourcesBuildPhase;
			buildActionMask = 2147483647;
			files = (
			);
			runOnlyForDeploymentPostprocessing = 0;
		};
/* End PBXResourcesBuildPhase section */

/* Begin PBXSourcesBuildPhase section */
		816FF4852F37CD190095D9DC /* Sources */ = {
			isa = PBXSourcesBuildPhase;
			buildActionMask = 2147483647;
			files = (
			);
			runOnlyForDeploymentPostprocessing = 0;
		};
		816FF4922F37CD1B0095D9DC /* Sources */ = {
			isa = PBXSourcesBuildPhase;
			buildActionMask = 2147483647;
			files = (
			);
			runOnlyForDeploymentPostprocessing = 0;
		};
		816FF49C2F37CD1B0095D9DC /* Sources */ = {
			isa = PBXSourcesBuildPhase;
			buildActionMask = 2147483647;
			files = (
			);
			runOnlyForDeploymentPostprocessing = 0;
		};
/* End PBXSourcesBuildPhase section */

/* Begin PBXTargetDependency section */
		816FF4982F37CD1B0095D9DC /* PBXTargetDependency */ = {
			isa = PBXTargetDependency;
			target = 816FF4882F37CD190095D9DC /* MotionRecorder */;
			targetProxy = 816FF4972F37CD1B0095D9DC /* PBXContainerItemProxy */;
		};
		816FF4A22F37CD1B0095D9DC /* PBXTargetDependency */ = {
			isa = PBXTargetDependency;
			target = 816FF4882F37CD190095D9DC /* MotionRecorder */;
			targetProxy = 816FF4A12F37CD1B0095D9DC /* PBXContainerItemProxy */;
		};
/* End PBXTargetDependency section */

/* Begin XCBuildConfiguration section */
		816FF4A82F37CD1B0095D9DC /* Debug */ = {
			isa = XCBuildConfiguration;
			buildSettings = {
				ALWAYS_SEARCH_USER_PATHS = NO;
				ASSETCATALOG_COMPILER_GENERATE_SWIFT_ASSET_SYMBOL_EXTENSIONS = YES;
				CLANG_ANALYZER_NONNULL = YES;
				CLANG_ANALYZER_NUMBER_OBJECT_CONVERSION = YES_AGGRESSIVE;
				CLANG_CXX_LANGUAGE_STANDARD = "gnu++20";
				CLANG_ENABLE_MODULES = YES;
				CLANG_ENABLE_OBJC_ARC = YES;
				CLANG_ENABLE_OBJC_WEAK = YES;
				CLANG_WARN_BLOCK_CAPTURE_AUTORELEASING = YES;
				CLANG_WARN_BOOL_CONVERSION = YES;
				CLANG_WARN_COMMA = YES;
				CLANG_WARN_CONSTANT_CONVERSION = YES;
				CLANG_WARN_DEPRECATED_OBJC_IMPLEMENTATIONS = YES;
				CLANG_WARN_DIRECT_OBJC_ISA_USAGE = YES_ERROR;
				CLANG_WARN_DOCUMENTATION_COMMENTS = YES;
				CLANG_WARN_EMPTY_BODY = YES;
				CLANG_WARN_ENUM_CONVERSION = YES;
				CLANG_WARN_INFINITE_RECURSION = YES;
				CLANG_WARN_INT_CONVERSION = YES;
				CLANG_WARN_NON_LITERAL_NULL_CONVERSION = YES;
				CLANG_WARN_OBJC_IMPLICIT_RETAIN_SELF = YES;
				CLANG_WARN_OBJC_LITERAL_CONVERSION = YES;
				CLANG_WARN_OBJC_ROOT_CLASS = YES_ERROR;
				CLANG_WARN_QUOTED_INCLUDE_IN_FRAMEWORK_HEADER = YES;
				CLANG_WARN_RANGE_LOOP_ANALYSIS = YES;
				CLANG_WARN_STRICT_PROTOTYPES = YES;
				CLANG_WARN_SUSPICIOUS_MOVE = YES;
				CLANG_WARN_UNGUARDED_AVAILABILITY = YES_AGGRESSIVE;
				CLANG_WARN_UNREACHABLE_CODE = YES;
				CLANG_WARN__DUPLICATE_METHOD_MATCH = YES;
				COPY_PHASE_STRIP = NO;
				DEBUG_INFORMATION_FORMAT = dwarf;
				ENABLE_STRICT_OBJC_MSGSEND = YES;
				ENABLE_TESTABILITY = YES;
				ENABLE_USER_SCRIPT_SANDBOXING = YES;
				GCC_C_LANGUAGE_STANDARD = gnu17;
				GCC_DYNAMIC_NO_PIC = NO;
				GCC_NO_COMMON_BLOCKS = YES;
				GCC_OPTIMIZATION_LEVEL = 0;
				GCC_PREPROCESSOR_DEFINITIONS = (
					"DEBUG=1",
					"$(inherited)",
				);
				GCC_WARN_64_TO_32_BIT_CONVERSION = YES;
				GCC_WARN_ABOUT_RETURN_TYPE = YES_ERROR;
				GCC_WARN_UNDECLARED_SELECTOR = YES;
				GCC_WARN_UNINITIALIZED_AUTOS = YES_AGGRESSIVE;
				GCC_WARN_UNUSED_FUNCTION = YES;
				GCC_WARN_UNUSED_VARIABLE = YES;
				IPHONEOS_DEPLOYMENT_TARGET = 26.0;
				LOCALIZATION_PREFERS_STRING_CATALOGS = YES;
				MTL_ENABLE_DEBUG_INFO = INCLUDE_SOURCE;
				MTL_FAST_MATH = YES;
				ONLY_ACTIVE_ARCH = YES;
				SDKROOT = iphoneos;
				SWIFT_ACTIVE_COMPILATION_CONDITIONS = "DEBUG $(inherited)";
				SWIFT_OPTIMIZATION_LEVEL = "-Onone";
			};
			name = Debug;
		};
		816FF4A92F37CD1B0095D9DC /* Release */ = {
			isa = XCBuildConfiguration;
			buildSettings = {
				ALWAYS_SEARCH_USER_PATHS = NO;
				ASSETCATALOG_COMPILER_GENERATE_SWIFT_ASSET_SYMBOL_EXTENSIONS = YES;
				CLANG_ANALYZER_NONNULL = YES;
				CLANG_ANALYZER_NUMBER_OBJECT_CONVERSION = YES_AGGRESSIVE;
				CLANG_CXX_LANGUAGE_STANDARD = "gnu++20";
				CLANG_ENABLE_MODULES = YES;
				CLANG_ENABLE_OBJC_ARC = YES;
				CLANG_ENABLE_OBJC_WEAK = YES;
				CLANG_WARN_BLOCK_CAPTURE_AUTORELEASING = YES;
				CLANG_WARN_BOOL_CONVERSION = YES;
				CLANG_WARN_COMMA = YES;
				CLANG_WARN_CONSTANT_CONVERSION = YES;
				CLANG_WARN_DEPRECATED_OBJC_IMPLEMENTATIONS = YES;
				CLANG_WARN_DIRECT_OBJC_ISA_USAGE = YES_ERROR;
				CLANG_WARN_DOCUMENTATION_COMMENTS = YES;
				CLANG_WARN_EMPTY_BODY = YES;
				CLANG_WARN_ENUM_CONVERSION = YES;
				CLANG_WARN_INFINITE_RECURSION = YES;
				CLANG_WARN_INT_CONVERSION = YES;
				CLANG_WARN_NON_LITERAL_NULL_CONVERSION = YES;
				CLANG_WARN_OBJC_IMPLICIT_RETAIN_SELF = YES;
				CLANG_WARN_OBJC_LITERAL_CONVERSION = YES;
				CLANG_WARN_OBJC_ROOT_CLASS = YES_ERROR;
				CLANG_WARN_QUOTED_INCLUDE_IN_FRAMEWORK_HEADER = YES;
				CLANG_WARN_RANGE_LOOP_ANALYSIS = YES;
				CLANG_WARN_STRICT_PROTOTYPES = YES;
				CLANG_WARN_SUSPICIOUS_MOVE = YES;
				CLANG_WARN_UNGUARDED_AVAILABILITY = YES_AGGRESSIVE;
				CLANG_WARN_UNREACHABLE_CODE = YES;
				CLANG_WARN__DUPLICATE_METHOD_MATCH = YES;
				COPY_PHASE_STRIP = NO;
				DEBUG_INFORMATION_FORMAT = "dwarf-with-dsym";
				ENABLE_NS_ASSERTIONS = NO;
				ENABLE_STRICT_OBJC_MSGSEND = YES;
				ENABLE_USER_SCRIPT_SANDBOXING = YES;
				GCC_C_LANGUAGE_STANDARD = gnu17;
				GCC_NO_COMMON_BLOCKS = YES;
				GCC_WARN_64_TO_32_BIT_CONVERSION = YES;
				GCC_WARN_ABOUT_RETURN_TYPE = YES_ERROR;
				GCC_WARN_UNDECLARED_SELECTOR = YES;
				GCC_WARN_UNINITIALIZED_AUTOS = YES_AGGRESSIVE;
				GCC_WARN_UNUSED_FUNCTION = YES;
				GCC_WARN_UNUSED_VARIABLE = YES;
				IPHONEOS_DEPLOYMENT_TARGET = 26.0;
				LOCALIZATION_PREFERS_STRING_CATALOGS = YES;
				MTL_ENABLE_DEBUG_INFO = NO;
				MTL_FAST_MATH = YES;
				SDKROOT = iphoneos;
				SWIFT_COMPILATION_MODE = wholemodule;
				VALIDATE_PRODUCT = YES;
			};
			name = Release;
		};
		816FF4AB2F37CD1B0095D9DC /* Debug */ = {
			isa = XCBuildConfiguration;
			buildSettings = {
				ASSETCATALOG_COMPILER_APPICON_NAME = AppIcon;
				ASSETCATALOG_COMPILER_GLOBAL_ACCENT_COLOR_NAME = AccentColor;
				CODE_SIGN_STYLE = Automatic;
				CURRENT_PROJECT_VERSION = 1;
				ENABLE_PREVIEWS = YES;
				GENERATE_INFOPLIST_FILE = YES;
				INFOPLIST_KEY_UIApplicationSceneManifest_Generation = YES;
				INFOPLIST_KEY_UIApplicationSupportsIndirectInputEvents = YES;
				INFOPLIST_KEY_UILaunchScreen_Generation = YES;
				INFOPLIST_KEY_UISupportedInterfaceOrientations_iPad = "UIInterfaceOrientationPortrait UIInterfaceOrientationPortraitUpsideDown UIInterfaceOrientationLandscapeLeft UIInterfaceOrientationLandscapeRight";
				INFOPLIST_KEY_UISupportedInterfaceOrientations_iPhone = "UIInterfaceOrientationPortrait UIInterfaceOrientationLandscapeLeft UIInterfaceOrientationLandscapeRight";
				LD_RUNPATH_SEARCH_PATHS = (
					"$(inherited)",
					"@executable_path/Frameworks",
				);
				MARKETING_VERSION = 1.0;
				PRODUCT_BUNDLE_IDENTIFIER = com.DanteCanizo.MotionRecorder;
				PRODUCT_NAME = "$(TARGET_NAME)";
				STRING_CATALOG_GENERATE_SYMBOLS = YES;
				SWIFT_APPROACHABLE_CONCURRENCY = YES;
				SWIFT_DEFAULT_ACTOR_ISOLATION = MainActor;
				SWIFT_EMIT_LOC_STRINGS = YES;
				SWIFT_UPCOMING_FEATURE_MEMBER_IMPORT_VISIBILITY = YES;
				SWIFT_VERSION = 5.0;
				TARGETED_DEVICE_FAMILY = "1,2";
			};
			name = Debug;
		};
		816FF4AC2F37CD1B0095D9DC /* Release */ = {
			isa = XCBuildConfiguration;
			buildSettings = {
				ASSETCATALOG_COMPILER_APPICON_NAME = AppIcon;
				ASSETCATALOG_COMPILER_GLOBAL_ACCENT_COLOR_NAME = AccentColor;
				CODE_SIGN_STYLE = Automatic;
				CURRENT_PROJECT_VERSION = 1;
				ENABLE_PREVIEWS = YES;
				GENERATE_INFOPLIST_FILE = YES;
				INFOPLIST_KEY_UIApplicationSceneManifest_Generation = YES;
				INFOPLIST_KEY_UIApplicationSupportsIndirectInputEvents = YES;
				INFOPLIST_KEY_UILaunchScreen_Generation = YES;
				INFOPLIST_KEY_UISupportedInterfaceOrientations_iPad = "UIInterfaceOrientationPortrait UIInterfaceOrientationPortraitUpsideDown UIInterfaceOrientationLandscapeLeft UIInterfaceOrientationLandscapeRight";
				INFOPLIST_KEY_UISupportedInterfaceOrientations_iPhone = "UIInterfaceOrientationPortrait UIInterfaceOrientationLandscapeLeft UIInterfaceOrientationLandscapeRight";
				LD_RUNPATH_SEARCH_PATHS = (
					"$(inherited)",
					"@executable_path/Frameworks",
				);
				MARKETING_VERSION = 1.0;
				PRODUCT_BUNDLE_IDENTIFIER = com.DanteCanizo.MotionRecorder;
				PRODUCT_NAME = "$(TARGET_NAME)";
				STRING_CATALOG_GENERATE_SYMBOLS = YES;
				SWIFT_APPROACHABLE_CONCURRENCY = YES;
				SWIFT_DEFAULT_ACTOR_ISOLATION = MainActor;
				SWIFT_EMIT_LOC_STRINGS = YES;
				SWIFT_UPCOMING_FEATURE_MEMBER_IMPORT_VISIBILITY = YES;
				SWIFT_VERSION = 5.0;
				TARGETED_DEVICE_FAMILY = "1,2";
			};
			name = Release;
		};
		816FF4AE2F37CD1B0095D9DC /* Debug */ = {
			isa = XCBuildConfiguration;
			buildSettings = {
				BUNDLE_LOADER = "$(TEST_HOST)";
				CODE_SIGN_STYLE = Automatic;
				CURRENT_PROJECT_VERSION = 1;
				GENERATE_INFOPLIST_FILE = YES;
				IPHONEOS_DEPLOYMENT_TARGET = 26.0;
				MARKETING_VERSION = 1.0;
				PRODUCT_BUNDLE_IDENTIFIER = com.DanteCanizo.MotionRecorderTests;
				PRODUCT_NAME = "$(TARGET_NAME)";
				STRING_CATALOG_GENERATE_SYMBOLS = NO;
				SWIFT_APPROACHABLE_CONCURRENCY = YES;
				SWIFT_EMIT_LOC_STRINGS = NO;
				SWIFT_UPCOMING_FEATURE_MEMBER_IMPORT_VISIBILITY = YES;
				SWIFT_VERSION = 5.0;
				TARGETED_DEVICE_FAMILY = "1,2";
				TEST_HOST = "$(BUILT_PRODUCTS_DIR)/MotionRecorder.app/$(BUNDLE_EXECUTABLE_FOLDER_PATH)/MotionRecorder";
			};
			name = Debug;
		};
		816FF4AF2F37CD1B0095D9DC /* Release */ = {
			isa = XCBuildConfiguration;
			buildSettings = {
				BUNDLE_LOADER = "$(TEST_HOST)";
				CODE_SIGN_STYLE = Automatic;
				CURRENT_PROJECT_VERSION = 1;
				GENERATE_INFOPLIST_FILE = YES;
				IPHONEOS_DEPLOYMENT_TARGET = 26.0;
				MARKETING_VERSION = 1.0;
				PRODUCT_BUNDLE_IDENTIFIER = com.DanteCanizo.MotionRecorderTests;
				PRODUCT_NAME = "$(TARGET_NAME)";
				STRING_CATALOG_GENERATE_SYMBOLS = NO;
				SWIFT_APPROACHABLE_CONCURRENCY = YES;
				SWIFT_EMIT_LOC_STRINGS = NO;
				SWIFT_UPCOMING_FEATURE_MEMBER_IMPORT_VISIBILITY = YES;
				SWIFT_VERSION = 5.0;
				TARGETED_DEVICE_FAMILY = "1,2";
				TEST_HOST = "$(BUILT_PRODUCTS_DIR)/MotionRecorder.app/$(BUNDLE_EXECUTABLE_FOLDER_PATH)/MotionRecorder";
			};
			name = Release;
		};
		816FF4B12F37CD1B0095D9DC /* Debug */ = {
			isa = XCBuildConfiguration;
			buildSettings = {
				CODE_SIGN_STYLE = Automatic;
				CURRENT_PROJECT_VERSION = 1;
				GENERATE_INFOPLIST_FILE = YES;
				MARKETING_VERSION = 1.0;
				PRODUCT_BUNDLE_IDENTIFIER = com.DanteCanizo.MotionRecorderUITests;
				PRODUCT_NAME = "$(TARGET_NAME)";
				STRING_CATALOG_GENERATE_SYMBOLS = NO;
				SWIFT_APPROACHABLE_CONCURRENCY = YES;
				SWIFT_EMIT_LOC_STRINGS = NO;
				SWIFT_UPCOMING_FEATURE_MEMBER_IMPORT_VISIBILITY = YES;
				SWIFT_VERSION = 5.0;
				TARGETED_DEVICE_FAMILY = "1,2";
				TEST_TARGET_NAME = MotionRecorder;
			};
			name = Debug;
		};
		816FF4B22F37CD1B0095D9DC /* Release */ = {
			isa = XCBuildConfiguration;
			buildSettings = {
				CODE_SIGN_STYLE = Automatic;
				CURRENT_PROJECT_VERSION = 1;
				GENERATE_INFOPLIST_FILE = YES;
				MARKETING_VERSION = 1.0;
				PRODUCT_BUNDLE_IDENTIFIER = com.DanteCanizo.MotionRecorderUITests;
				PRODUCT_NAME = "$(TARGET_NAME)";
				STRING_CATALOG_GENERATE_SYMBOLS = NO;
				SWIFT_APPROACHABLE_CONCURRENCY = YES;
				SWIFT_EMIT_LOC_STRINGS = NO;
				SWIFT_UPCOMING_FEATURE_MEMBER_IMPORT_VISIBILITY = YES;
				SWIFT_VERSION = 5.0;
				TARGETED_DEVICE_FAMILY = "1,2";
				TEST_TARGET_NAME = MotionRecorder;
			};
			name = Release;
		};
/* End XCBuildConfiguration section */

/* Begin XCConfigurationList section */
		816FF4842F37CD190095D9DC /* Build configuration list for PBXProject "MotionRecorder" */ = {
			isa = XCConfigurationList;
			buildConfigurations = (
				816FF4A82F37CD1B0095D9DC /* Debug */,
				816FF4A92F37CD1B0095D9DC /* Release */,
			);
			defaultConfigurationIsVisible = 0;
			defaultConfigurationName = Release;
		};
		816FF4AA2F37CD1B0095D9DC /* Build configuration list for PBXNativeTarget "MotionRecorder" */ = {
			isa = XCConfigurationList;
			buildConfigurations = (
				816FF4AB2F37CD1B0095D9DC /* Debug */,
				816FF4AC2F37CD1B0095D9DC /* Release */,
			);
			defaultConfigurationIsVisible = 0;
			defaultConfigurationName = Release;
		};
		816FF4AD2F37CD1B0095D9DC /* Build configuration list for PBXNativeTarget "MotionRecorderTests" */ = {
			isa = XCConfigurationList;
			buildConfigurations = (
				816FF4AE2F37CD1B0095D9DC /* Debug */,
				816FF4AF2F37CD1B0095D9DC /* Release */,
			);
			defaultConfigurationIsVisible = 0;
			defaultConfigurationName = Release;
		};
		816FF4B02F37CD1B0095D9DC /* Build configuration list for PBXNativeTarget "MotionRecorderUITests" */ = {
			isa = XCConfigurationList;
			buildConfigurations = (
				816FF4B12F37CD1B0095D9DC /* Debug */,
				816FF4B22F37CD1B0095D9DC /* Release */,
			);
			defaultConfigurationIsVisible = 0;
			defaultConfigurationName = Release;
		};
/* End XCConfigurationList section */

/* Begin XCRemoteSwiftPackageReference section */
		816FF4C82F37D3A10095D9DC /* XCRemoteSwiftPackageReference "GRDB" */ = {
			isa = XCRemoteSwiftPackageReference;
			repositoryURL = "https://github.com/groue/GRDB.swift";
			requirement = {
				kind = upToNextMajorVersion;
				minimumVersion = 7.0.0;
			};
		};
/* End XCRemoteSwiftPackageReference section */

/* Begin XCSwiftPackageProductDependency section */
		816FF4C92F37D3A10095D9DC /* GRDB */ = {
			isa = XCSwiftPackageProductDependency;
			package = 816FF4C82F37D3A10095D9DC /* XCRemoteSwiftPackageReference "GRDB" */;
			productName = GRDB;
		};
/* End XCSwiftPackageProductDependency section */
	};
	rootObject = 816FF4812F37CD190095D9DC /* Project object */;
}
